
Microsoft Visual Studio Solution File, Format Version 12.00
# Visual Studio 15
VisualStudioVersion = 15.0.28307.1300
MinimumVisualStudioVersion = 10.0.40219.1
Project("{FAE04EC0-301F-11D3-BF4B-00C04F79EFBC}") = "OwnConsumerPublisher", "OwnConsumerPublisher\OwnConsumerPublisher.csproj", "{BB398D3A-9030-4C91-A588-C04CEF28E120}"
EndProject
Global
	GlobalSection(SolutionConfigurationPlatforms) = preSolution
		Debug|Any CPU = Debug|Any CPU
		Release|Any CPU = Release|Any CPU
	EndGlobalSection
	GlobalSection(ProjectConfigurationPlatforms) = postSolution
		{BB398D3A-9030-4C91-A588-C04CEF28E120}.Debug|Any CPU.ActiveCfg = Debug|Any CPU
		{BB398D3A-9030-4C91-A588-C04CEF28E120}.Debug|Any CPU.Build.0 = Debug|Any CPU
		{BB398D3A-9030-4C91-A588-C04CEF28E120}.Release|Any CPU.ActiveCfg = Release|Any CPU
		{BB398D3A-9030-4C91-A588-C04CEF28E120}.Release|Any CPU.Build.0 = Release|Any CPU
	EndGlobalSection
	GlobalSection(SolutionProperties) = preSolution
		HideSolutionNode = FALSE
	EndGlobalSection
	GlobalSection(ExtensibilityGlobals) = postSolution
		SolutionGuid = {9BD277AF-091D-41FE-BFD8-45D3004CB709}
	EndGlobalSection
EndGlobal
