
Microsoft Visual Studio Solution File, Format Version 12.00
# Visual Studio Version 16
VisualStudioVersion = 16.0.31605.320
MinimumVisualStudioVersion = 10.0.40219.1
Project("{9A19103F-16F7-4668-BE54-9A1E7A4F7556}") = "HuffmanCode", "HuffmanCode.csproj", "{CF0CFB49-18B8-4530-A533-CCABADCD5017}"
EndProject
Global
	GlobalSection(SolutionConfigurationPlatforms) = preSolution
		Debug|Any CPU = Debug|Any CPU
		Release|Any CPU = Release|Any CPU
	EndGlobalSection
	GlobalSection(ProjectConfigurationPlatforms) = postSolution
		{CF0CFB49-18B8-4530-A533-CCABADCD5017}.Debug|Any CPU.ActiveCfg = Debug|Any CPU
		{CF0CFB49-18B8-4530-A533-CCABADCD5017}.Debug|Any CPU.Build.0 = Debug|Any CPU
		{CF0CFB49-18B8-4530-A533-CCABADCD5017}.Release|Any CPU.ActiveCfg = Release|Any CPU
		{CF0CFB49-18B8-4530-A533-CCABADCD5017}.Release|Any CPU.Build.0 = Release|Any CPU
	EndGlobalSection
	GlobalSection(SolutionProperties) = preSolution
		HideSolutionNode = FALSE
	EndGlobalSection
	GlobalSection(ExtensibilityGlobals) = postSolution
		SolutionGuid = {9F4DF88B-F54F-430C-B164-CA686002722B}
	EndGlobalSection
EndGlobal
