
Microsoft Visual Studio Solution File, Format Version 12.00
# Visual Studio Version 17
VisualStudioVersion = 17.11.35431.28
MinimumVisualStudioVersion = 10.0.40219.1
Project("{FAE04EC0-301F-11D3-BF4B-00C04F79EFBC}") = "ProcessorLab", "ProcessorLab\ProcessorLab.csproj", "{EE52FC36-2EF4-4508-B572-0ACF88328036}"
EndProject
Project("{FAE04EC0-301F-11D3-BF4B-00C04F79EFBC}") = "ShareLib", "ShareLib\ShareLib.csproj", "{8CB20EE6-D6BA-42D6-A24F-D82F69B05C27}"
EndProject
Project("{FAE04EC0-301F-11D3-BF4B-00C04F79EFBC}") = "ExampleWorker", "ExampleWorker\ExampleWorker.csproj", "{620B2CA9-5A05-4543-911C-CB2901E9A496}"
EndProject
Global
	GlobalSection(SolutionConfigurationPlatforms) = preSolution
		Debug|Any CPU = Debug|Any CPU
		Release|Any CPU = Release|Any CPU
	EndGlobalSection
	GlobalSection(ProjectConfigurationPlatforms) = postSolution
		{EE52FC36-2EF4-4508-B572-0ACF88328036}.Debug|Any CPU.ActiveCfg = Debug|Any CPU
		{EE52FC36-2EF4-4508-B572-0ACF88328036}.Debug|Any CPU.Build.0 = Debug|Any CPU
		{EE52FC36-2EF4-4508-B572-0ACF88328036}.Release|Any CPU.ActiveCfg = Release|Any CPU
		{EE52FC36-2EF4-4508-B572-0ACF88328036}.Release|Any CPU.Build.0 = Release|Any CPU
		{8CB20EE6-D6BA-42D6-A24F-D82F69B05C27}.Debug|Any CPU.ActiveCfg = Debug|Any CPU
		{8CB20EE6-D6BA-42D6-A24F-D82F69B05C27}.Debug|Any CPU.Build.0 = Debug|Any CPU
		{8CB20EE6-D6BA-42D6-A24F-D82F69B05C27}.Release|Any CPU.ActiveCfg = Release|Any CPU
		{8CB20EE6-D6BA-42D6-A24F-D82F69B05C27}.Release|Any CPU.Build.0 = Release|Any CPU
		{620B2CA9-5A05-4543-911C-CB2901E9A496}.Debug|Any CPU.ActiveCfg = Debug|Any CPU
		{620B2CA9-5A05-4543-911C-CB2901E9A496}.Debug|Any CPU.Build.0 = Debug|Any CPU
		{620B2CA9-5A05-4543-911C-CB2901E9A496}.Release|Any CPU.ActiveCfg = Release|Any CPU
		{620B2CA9-5A05-4543-911C-CB2901E9A496}.Release|Any CPU.Build.0 = Release|Any CPU
	EndGlobalSection
	GlobalSection(SolutionProperties) = preSolution
		HideSolutionNode = FALSE
	EndGlobalSection
	GlobalSection(ExtensibilityGlobals) = postSolution
		SolutionGuid = {B01CFF1E-66D2-48DE-B0BF-DF89452697B8}
	EndGlobalSection
EndGlobal
