
Microsoft Visual Studio Solution File, Format Version 12.00
# Visual Studio Version 16
VisualStudioVersion = 16.0.31005.135
MinimumVisualStudioVersion = 10.0.40219.1
Project("{FAE04EC0-301F-11D3-BF4B-00C04F79EFBC}") = "YearDiffSample", "YearDiffSample\YearDiffSample.csproj", "{1246BFFB-0EB3-4D86-8FCB-EE6D353F4423}"
EndProject
Project("{FAE04EC0-301F-11D3-BF4B-00C04F79EFBC}") = "StructAndClass", "StructAndClass\StructAndClass.csproj", "{124B7405-0C8F-4A1B-BD0C-675A4E209387}"
EndProject
Project("{FAE04EC0-301F-11D3-BF4B-00C04F79EFBC}") = "ReferenceAndValueType", "ReferenceAndValueType\ReferenceAndValueType.csproj", "{61BCAFCE-673D-4838-97B8-AB0DF34EC4C1}"
EndProject
Project("{2150E333-8FDC-42A3-9474-1A3956D46DE8}") = "RabbitMQ", "RabbitMQ", "{3F5907F8-1FC9-40E7-B89B-91BCAFC020C8}"
EndProject
Project("{FAE04EC0-301F-11D3-BF4B-00C04F79EFBC}") = "RabbitMqConsumer", "RabbitMqClient\RabbitMqConsumer.csproj", "{F9E7BC4C-6589-4395-8133-D0A896593E85}"
EndProject
Project("{FAE04EC0-301F-11D3-BF4B-00C04F79EFBC}") = "RabbitMqProducer", "RabbitMqProducer\RabbitMqProducer.csproj", "{CE61D5D7-9F00-4A9A-B443-AEBD7D145E1C}"
EndProject
Project("{FAE04EC0-301F-11D3-BF4B-00C04F79EFBC}") = "Box_UnBoxing", "Box_UnBoxing\Box_UnBoxing.csproj", "{0AA20966-CDAF-41E5-A37F-9EF783F7C67D}"
EndProject
Project("{FAE04EC0-301F-11D3-BF4B-00C04F79EFBC}") = "ParameterConvertor", "ParameterConvertor\ParameterConvertor.csproj", "{80819441-F06A-4572-AFA0-802BC6C780B4}"
EndProject
Project("{FAE04EC0-301F-11D3-BF4B-00C04F79EFBC}") = "MultiThreadSample", "MutiThreadSample\MultiThreadSample.csproj", "{9CAD17A3-A05F-4A59-8517-91B3093A43A4}"
EndProject
Project("{FAE04EC0-301F-11D3-BF4B-00C04F79EFBC}") = "ExpressionVsReflection", "ExpressionVsReflection\ExpressionVsReflection.csproj", "{66D3D880-2AE8-47AB-9208-4CAD8B58A105}"
EndProject
Project("{FAE04EC0-301F-11D3-BF4B-00C04F79EFBC}") = "MyLambda", "MyLambda\MyLambda.csproj", "{0142FEC4-0CD8-4549-BEB1-047B31192A2D}"
EndProject
Project("{FAE04EC0-301F-11D3-BF4B-00C04F79EFBC}") = "YieldSample", "YieldSample\YieldSample.csproj", "{50A25A02-F812-4E16-89E3-3E8132B9A686}"
EndProject
Project("{FAE04EC0-301F-11D3-BF4B-00C04F79EFBC}") = "EzMQPublisher", "EzMQPublisher\EzMQPublisher.csproj", "{A8C7B1B7-C43C-4086-84E3-E5117E8C913E}"
EndProject
Project("{FAE04EC0-301F-11D3-BF4B-00C04F79EFBC}") = "EzMQConsumer", "EzMQConsumer\EzMQConsumer.csproj", "{E62E2149-36CC-4A29-9714-6C54A28AF42F}"
EndProject


Global
	GlobalSection(SolutionConfigurationPlatforms) = preSolution
		Debug|Any CPU = Debug|Any CPU
		Release|Any CPU = Release|Any CPU
	EndGlobalSection
	GlobalSection(ProjectConfigurationPlatforms) = postSolution
		{1246BFFB-0EB3-4D86-8FCB-EE6D353F4423}.Debug|Any CPU.ActiveCfg = Debug|Any CPU
		{1246BFFB-0EB3-4D86-8FCB-EE6D353F4423}.Debug|Any CPU.Build.0 = Debug|Any CPU
		{1246BFFB-0EB3-4D86-8FCB-EE6D353F4423}.Release|Any CPU.ActiveCfg = Release|Any CPU
		{1246BFFB-0EB3-4D86-8FCB-EE6D353F4423}.Release|Any CPU.Build.0 = Release|Any CPU
		{124B7405-0C8F-4A1B-BD0C-675A4E209387}.Debug|Any CPU.ActiveCfg = Debug|Any CPU
		{124B7405-0C8F-4A1B-BD0C-675A4E209387}.Debug|Any CPU.Build.0 = Debug|Any CPU
		{124B7405-0C8F-4A1B-BD0C-675A4E209387}.Release|Any CPU.ActiveCfg = Release|Any CPU
		{124B7405-0C8F-4A1B-BD0C-675A4E209387}.Release|Any CPU.Build.0 = Release|Any CPU
		{61BCAFCE-673D-4838-97B8-AB0DF34EC4C1}.Debug|Any CPU.ActiveCfg = Debug|Any CPU
		{61BCAFCE-673D-4838-97B8-AB0DF34EC4C1}.Debug|Any CPU.Build.0 = Debug|Any CPU
		{61BCAFCE-673D-4838-97B8-AB0DF34EC4C1}.Release|Any CPU.ActiveCfg = Release|Any CPU
		{61BCAFCE-673D-4838-97B8-AB0DF34EC4C1}.Release|Any CPU.Build.0 = Release|Any CPU
		{F9E7BC4C-6589-4395-8133-D0A896593E85}.Debug|Any CPU.ActiveCfg = Debug|Any CPU
		{F9E7BC4C-6589-4395-8133-D0A896593E85}.Debug|Any CPU.Build.0 = Debug|Any CPU
		{F9E7BC4C-6589-4395-8133-D0A896593E85}.Release|Any CPU.ActiveCfg = Release|Any CPU
		{F9E7BC4C-6589-4395-8133-D0A896593E85}.Release|Any CPU.Build.0 = Release|Any CPU
		{CE61D5D7-9F00-4A9A-B443-AEBD7D145E1C}.Debug|Any CPU.ActiveCfg = Debug|Any CPU
		{CE61D5D7-9F00-4A9A-B443-AEBD7D145E1C}.Debug|Any CPU.Build.0 = Debug|Any CPU
		{CE61D5D7-9F00-4A9A-B443-AEBD7D145E1C}.Release|Any CPU.ActiveCfg = Release|Any CPU
		{CE61D5D7-9F00-4A9A-B443-AEBD7D145E1C}.Release|Any CPU.Build.0 = Release|Any CPU
		{0AA20966-CDAF-41E5-A37F-9EF783F7C67D}.Debug|Any CPU.ActiveCfg = Debug|Any CPU
		{0AA20966-CDAF-41E5-A37F-9EF783F7C67D}.Debug|Any CPU.Build.0 = Debug|Any CPU
		{0AA20966-CDAF-41E5-A37F-9EF783F7C67D}.Release|Any CPU.ActiveCfg = Release|Any CPU
		{0AA20966-CDAF-41E5-A37F-9EF783F7C67D}.Release|Any CPU.Build.0 = Release|Any CPU
		{80819441-F06A-4572-AFA0-802BC6C780B4}.Debug|Any CPU.ActiveCfg = Debug|Any CPU
		{80819441-F06A-4572-AFA0-802BC6C780B4}.Debug|Any CPU.Build.0 = Debug|Any CPU
		{80819441-F06A-4572-AFA0-802BC6C780B4}.Release|Any CPU.ActiveCfg = Release|Any CPU
		{80819441-F06A-4572-AFA0-802BC6C780B4}.Release|Any CPU.Build.0 = Release|Any CPU
		{9CAD17A3-A05F-4A59-8517-91B3093A43A4}.Debug|Any CPU.ActiveCfg = Debug|Any CPU
		{9CAD17A3-A05F-4A59-8517-91B3093A43A4}.Debug|Any CPU.Build.0 = Debug|Any CPU
		{9CAD17A3-A05F-4A59-8517-91B3093A43A4}.Release|Any CPU.ActiveCfg = Release|Any CPU
		{9CAD17A3-A05F-4A59-8517-91B3093A43A4}.Release|Any CPU.Build.0 = Release|Any CPU
		{66D3D880-2AE8-47AB-9208-4CAD8B58A105}.Debug|Any CPU.ActiveCfg = Debug|Any CPU
		{66D3D880-2AE8-47AB-9208-4CAD8B58A105}.Debug|Any CPU.Build.0 = Debug|Any CPU
		{66D3D880-2AE8-47AB-9208-4CAD8B58A105}.Release|Any CPU.ActiveCfg = Release|Any CPU
		{66D3D880-2AE8-47AB-9208-4CAD8B58A105}.Release|Any CPU.Build.0 = Release|Any CPU
		{0142FEC4-0CD8-4549-BEB1-047B31192A2D}.Debug|Any CPU.ActiveCfg = Debug|Any CPU
		{0142FEC4-0CD8-4549-BEB1-047B31192A2D}.Debug|Any CPU.Build.0 = Debug|Any CPU
		{0142FEC4-0CD8-4549-BEB1-047B31192A2D}.Release|Any CPU.ActiveCfg = Release|Any CPU
		{0142FEC4-0CD8-4549-BEB1-047B31192A2D}.Release|Any CPU.Build.0 = Release|Any CPU
		{50A25A02-F812-4E16-89E3-3E8132B9A686}.Debug|Any CPU.ActiveCfg = Debug|Any CPU
		{50A25A02-F812-4E16-89E3-3E8132B9A686}.Debug|Any CPU.Build.0 = Debug|Any CPU
		{50A25A02-F812-4E16-89E3-3E8132B9A686}.Release|Any CPU.ActiveCfg = Release|Any CPU
		{50A25A02-F812-4E16-89E3-3E8132B9A686}.Release|Any CPU.Build.0 = Release|Any CPU
		{A8C7B1B7-C43C-4086-84E3-E5117E8C913E}.Debug|Any CPU.ActiveCfg = Debug|Any CPU
		{A8C7B1B7-C43C-4086-84E3-E5117E8C913E}.Debug|Any CPU.Build.0 = Debug|Any CPU
		{A8C7B1B7-C43C-4086-84E3-E5117E8C913E}.Release|Any CPU.ActiveCfg = Release|Any CPU
		{A8C7B1B7-C43C-4086-84E3-E5117E8C913E}.Release|Any CPU.Build.0 = Release|Any CPU
		{E62E2149-36CC-4A29-9714-6C54A28AF42F}.Debug|Any CPU.ActiveCfg = Debug|Any CPU
		{E62E2149-36CC-4A29-9714-6C54A28AF42F}.Debug|Any CPU.Build.0 = Debug|Any CPU
		{E62E2149-36CC-4A29-9714-6C54A28AF42F}.Release|Any CPU.ActiveCfg = Release|Any CPU
		{E62E2149-36CC-4A29-9714-6C54A28AF42F}.Release|Any CPU.Build.0 = Release|Any CPU
	EndGlobalSection
	GlobalSection(SolutionProperties) = preSolution
		HideSolutionNode = FALSE
	EndGlobalSection
	GlobalSection(NestedProjects) = preSolution
		{F9E7BC4C-6589-4395-8133-D0A896593E85} = {3F5907F8-1FC9-40E7-B89B-91BCAFC020C8}
		{CE61D5D7-9F00-4A9A-B443-AEBD7D145E1C} = {3F5907F8-1FC9-40E7-B89B-91BCAFC020C8}
		{A8C7B1B7-C43C-4086-84E3-E5117E8C913E} = {3F5907F8-1FC9-40E7-B89B-91BCAFC020C8}
		{E62E2149-36CC-4A29-9714-6C54A28AF42F} = {3F5907F8-1FC9-40E7-B89B-91BCAFC020C8}
	EndGlobalSection
	GlobalSection(ExtensibilityGlobals) = postSolution
		SolutionGuid = {B698775C-D2AA-4C37-A600-36E893F30D31}
	EndGlobalSection
EndGlobal
