
Microsoft Visual Studio Solution File, Format Version 12.00
# Visual Studio Version 17
VisualStudioVersion = 17.5.002.0
MinimumVisualStudioVersion = 10.0.40219.1
Project("{9A19103F-16F7-4668-BE54-9A1E7A4F7556}") = "DisjointSets", "DisjointSets.csproj", "{209FB77E-4D03-4525-9924-036E04BE092C}"
EndProject
Global
	GlobalSection(SolutionConfigurationPlatforms) = preSolution
		Debug|Any CPU = Debug|Any CPU
		Release|Any CPU = Release|Any CPU
	EndGlobalSection
	GlobalSection(ProjectConfigurationPlatforms) = postSolution
		{209FB77E-4D03-4525-9924-036E04BE092C}.Debug|Any CPU.ActiveCfg = Debug|Any CPU
		{209FB77E-4D03-4525-9924-036E04BE092C}.Debug|Any CPU.Build.0 = Debug|Any CPU
		{209FB77E-4D03-4525-9924-036E04BE092C}.Release|Any CPU.ActiveCfg = Release|Any CPU
		{209FB77E-4D03-4525-9924-036E04BE092C}.Release|Any CPU.Build.0 = Release|Any CPU
	EndGlobalSection
	GlobalSection(SolutionProperties) = preSolution
		HideSolutionNode = FALSE
	EndGlobalSection
	GlobalSection(ExtensibilityGlobals) = postSolution
		SolutionGuid = {3A56034C-5E2D-4E8C-B44B-88E5BADD18AC}
	EndGlobalSection
EndGlobal
